{
    "_meta": {
        "hash": {
            "sha256": "257bb28c58d29765ddf62c842319cd951568c3c3534f18e8de22489120df7707"
        },
        "pipfile-spec": 6,
        "requires": {},
        "sources": [
            {
                "name": "pypi",
                "url": "https://pypi.org/simple",
                "verify_ssl": true
            }
        ]
    },
    "default": {
        "packaging": {
            "hashes": [
                "sha256:dd47c42927d89ab911e606518907cc2d3a1f38bbd026385970643f9c5b8ecfeb",
                "sha256:ef103e05f519cdc783ae24ea4e2e0f508a9c99b2d4969652eed6a2e1ea5bd522"
            ],
            "markers": "python_version >= '3.6'",
            "version": "==21.3"
        },
        "pyparsing": {
            "hashes": [
                "sha256:7bf433498c016c4314268d95df76c81b842a4cb2b276fa3312cfb1e1d85f6954",
                "sha256:ef7b523f6356f763771559412c0d7134753f037822dad1b16945b7b846f7ad06"
            ],
            "markers": "python_full_version >= '3.6.8'",
            "version": "==3.0.8"
        },
        "qtpy": {
            "hashes": [
                "sha256:aee0586081f943029312becece9f63977b0a9e3788f77a6ac8cc74802bb173d6",
                "sha256:ca8cd4217175186344299ee4c0f7e7adcf362c70852ba35b255a534077025c06"
            ],
            "index": "pypi",
            "version": "==2.1.0"
        }
    },
    "develop": {
        "qasync": {
            "editable": true,
            "path": "."
        }
    }
}
